
Microsoft Visual Studio Solution File, Format Version 12.00
# Visual Studio 15
VisualStudioVersion = 15.0.27703.2035
MinimumVisualStudioVersion = 10.0.40219.1
Project("{FAE04EC0-301F-11D3-BF4B-00C04F79EFBC}") = "GoWorldUnity3D", "GoWorldUnity3D\GoWorldUnity3D.csproj", "{B465ED15-02E7-4CEC-8574-D9A05DA8DA87}"
EndProject
Global
	GlobalSection(SolutionConfigurationPlatforms) = preSolution
		Debug|Any CPU = Debug|Any CPU
		Release|Any CPU = Release|Any CPU
	EndGlobalSection
	GlobalSection(ProjectConfigurationPlatforms) = postSolution
		{B465ED15-02E7-4CEC-8574-D9A05DA8DA87}.Debug|Any CPU.ActiveCfg = Debug|Any CPU
		{B465ED15-02E7-4CEC-8574-D9A05DA8DA87}.Debug|Any CPU.Build.0 = Debug|Any CPU
		{B465ED15-02E7-4CEC-8574-D9A05DA8DA87}.Release|Any CPU.ActiveCfg = Release|Any CPU
		{B465ED15-02E7-4CEC-8574-D9A05DA8DA87}.Release|Any CPU.Build.0 = Release|Any CPU
	EndGlobalSection
	GlobalSection(SolutionProperties) = preSolution
		HideSolutionNode = FALSE
	EndGlobalSection
	GlobalSection(ExtensibilityGlobals) = postSolution
		SolutionGuid = {27F75F57-67F2-4B36-AC04-7A27725F85A4}
	EndGlobalSection
EndGlobal
